
Microsoft Visual Studio Solution File, Format Version 12.00
# Visual Studio Version 17
VisualStudioVersion = 17.7.34031.279
MinimumVisualStudioVersion = 10.0.40219.1
Project("{FAE04EC0-301F-11D3-BF4B-00C04F79EFBC}") = "Assignment 5", "Assignment 5\Assignment 5.csproj", "{EC6E6635-4899-4D65-B5DC-3674537FFC5C}"
EndProject
Global
	GlobalSection(SolutionConfigurationPlatforms) = preSolution
		Debug|Any CPU = Debug|Any CPU
		Release|Any CPU = Release|Any CPU
	EndGlobalSection
	GlobalSection(ProjectConfigurationPlatforms) = postSolution
		{EC6E6635-4899-4D65-B5DC-3674537FFC5C}.Debug|Any CPU.ActiveCfg = Debug|Any CPU
		{EC6E6635-4899-4D65-B5DC-3674537FFC5C}.Debug|Any CPU.Build.0 = Debug|Any CPU
		{EC6E6635-4899-4D65-B5DC-3674537FFC5C}.Release|Any CPU.ActiveCfg = Release|Any CPU
		{EC6E6635-4899-4D65-B5DC-3674537FFC5C}.Release|Any CPU.Build.0 = Release|Any CPU
	EndGlobalSection
	GlobalSection(SolutionProperties) = preSolution
		HideSolutionNode = FALSE
	EndGlobalSection
	GlobalSection(ExtensibilityGlobals) = postSolution
		SolutionGuid = {C7782699-BE32-4169-B16B-87421F5EF839}
	EndGlobalSection
EndGlobal
